
Microsoft Visual Studio Solution File, Format Version 12.00
# Visual Studio Version 17
VisualStudioVersion = 17.7.34024.191
MinimumVisualStudioVersion = 10.0.40219.1
Project("{FAE04EC0-301F-11D3-BF4B-00C04F79EFBC}") = "BinaryFileTools", "BinaryFileTools\BinaryFileTools.csproj", "{B60BB6DA-0567-4AEA-9C12-6A7BB7E019E3}"
EndProject
Global
	GlobalSection(SolutionConfigurationPlatforms) = preSolution
		Debug|Any CPU = Debug|Any CPU
		Release|Any CPU = Release|Any CPU
	EndGlobalSection
	GlobalSection(ProjectConfigurationPlatforms) = postSolution
		{B60BB6DA-0567-4AEA-9C12-6A7BB7E019E3}.Debug|Any CPU.ActiveCfg = Debug|Any CPU
		{B60BB6DA-0567-4AEA-9C12-6A7BB7E019E3}.Debug|Any CPU.Build.0 = Debug|Any CPU
		{B60BB6DA-0567-4AEA-9C12-6A7BB7E019E3}.Release|Any CPU.ActiveCfg = Release|Any CPU
		{B60BB6DA-0567-4AEA-9C12-6A7BB7E019E3}.Release|Any CPU.Build.0 = Release|Any CPU
	EndGlobalSection
	GlobalSection(SolutionProperties) = preSolution
		HideSolutionNode = FALSE
	EndGlobalSection
	GlobalSection(ExtensibilityGlobals) = postSolution
		SolutionGuid = {EB41579F-205E-425E-97C7-B473AF81F829}
	EndGlobalSection
EndGlobal
